
Microsoft Visual Studio Solution File, Format Version 12.00
# Visual Studio Version 16
VisualStudioVersion = 16.0.31729.503
MinimumVisualStudioVersion = 10.0.40219.1
Project("{FAE04EC0-301F-11D3-BF4B-00C04F79EFBC}") = "Photo Organiser Pro", "Photo Organiser Pro\Photo Organiser Pro.csproj", "{0280625A-B3C6-4D96-A74B-26D07594B4BB}"
EndProject
Project("{2150E333-8FDC-42A3-9474-1A3956D46DE8}") = "Solution Items", "Solution Items", "{3B62F470-11C3-4829-9D90-589025A6119C}"
	ProjectSection(SolutionItems) = preProject
		.editorconfig = .editorconfig
	EndProjectSection
EndProject
Global
	GlobalSection(SolutionConfigurationPlatforms) = preSolution
		Debug|Any CPU = Debug|Any CPU
		Release|Any CPU = Release|Any CPU
	EndGlobalSection
	GlobalSection(ProjectConfigurationPlatforms) = postSolution
		{0280625A-B3C6-4D96-A74B-26D07594B4BB}.Debug|Any CPU.ActiveCfg = Debug|Any CPU
		{0280625A-B3C6-4D96-A74B-26D07594B4BB}.Debug|Any CPU.Build.0 = Debug|Any CPU
		{0280625A-B3C6-4D96-A74B-26D07594B4BB}.Release|Any CPU.ActiveCfg = Release|Any CPU
		{0280625A-B3C6-4D96-A74B-26D07594B4BB}.Release|Any CPU.Build.0 = Release|Any CPU
	EndGlobalSection
	GlobalSection(SolutionProperties) = preSolution
		HideSolutionNode = FALSE
	EndGlobalSection
	GlobalSection(ExtensibilityGlobals) = postSolution
		SolutionGuid = {FC728C9C-C456-45FF-AEB8-01C53A735E69}
	EndGlobalSection
EndGlobal
